%{
  "basefiftyeight": {:hex, :basefiftyeight, "0.1.0", "3d48544743bf9aab7ab02aed803ac42af77acf268c7d8c71d4f39e7fa85ee8d3", [:mix], [], "hexpm", "af12f551429528c711e98628c029ad48d1e5ba5a284f40b2d91029a65381837a"},
  "bsv": {:hex, :bsv, "0.4.1", "66d37f1d784daed0971072aa2d2dd19047141726918bfdd9fcf2569e5abae506", [:mix], [{:basefiftyeight, "~> 0.1", [hex: :basefiftyeight, repo: "hexpm", optional: false]}, {:curvy, "~> 0.2", [hex: :curvy, repo: "hexpm", optional: false]}, {:libsecp256k1, "~> 0.1", [hex: :libsecp256k1, repo: "hexpm", optional: true]}], "hexpm", "55a72fcf59e994cac201b3bb917c9cb835c135d6a621fa509776112bcc1db340"},
  "castore": {:hex, :castore, "0.1.13", "ccf3ab251ffaebc4319f41d788ce59a6ab3f42b6c27e598ad838ffecee0b04f9", [:mix], [], "hexpm", "a14a7eecfec7e20385493dbb92b0d12c5d77ecfd6307de10102d58c94e8c49c0"},
  "con_cache": {:hex, :con_cache, "0.14.0", "863acb90fa08017be3129074993af944cf7a4b6c3ee7c06c5cd0ed6b94fbc223", [:mix], [], "hexpm", "50887a8949377d0b707a3c6653b7610de06074751b52d0f267f52135f391aece"},
  "curvy": {:hex, :curvy, "0.3.0", "cd097f77434baf783cd18a8374e1eae37dc203588902a3b59d1b4056ac9e7366", [:mix], [], "hexpm", "1fa6104cb458cfe6962b8353a0a6563bd191f9e72807fca0fa22b5a61809695c"},
  "elixir_make": {:hex, :elixir_make, "0.6.3", "bc07d53221216838d79e03a8019d0839786703129599e9619f4ab74c8c096eac", [:mix], [], "hexpm", "f5cbd651c5678bcaabdbb7857658ee106b12509cd976c2c2fca99688e1daf716"},
  "ex_ncurses": {:hex, :ex_ncurses, "0.3.1", "1c6c480815c3863fe45cecf54e86dcaa6fa4484847d05c77a090e1ecb384536b", [:make, :mix], [{:elixir_make, "~> 0.4", [hex: :elixir_make, repo: "hexpm", optional: false]}], "hexpm", "becdfb047b1a24aff1ce60c55c805be52bbfaad8fcfa7db5d4df4bc0b09f1194"},
  "gen_stage": {:hex, :gen_stage, "1.1.2", "b1656cd4ba431ed02c5656fe10cb5423820847113a07218da68eae5d6a260c23", [:mix], [], "hexpm", "9e39af23140f704e2b07a3e29d8f05fd21c2aaf4088ff43cb82be4b9e3148d02"},
  "jason": {:hex, :jason, "1.2.2", "ba43e3f2709fd1aa1dce90aaabfd039d000469c05c56f0b8e31978e03fa39052", [:mix], [{:decimal, "~> 1.0 or ~> 2.0", [hex: :decimal, repo: "hexpm", optional: true]}], "hexpm", "18a228f5f0058ee183f29f9eae0805c6e59d61c3b006760668d8d18ff0d12179"},
  "logger_file_backend": {:hex, :logger_file_backend, "0.0.12", "5afaa76a0cb6123cd19900c0f414044cfc46c24c6a1b80842a9b0e7f6c755e57", [:mix], [], "hexpm", "7335cc4e186a3804f9d3651f2fb42243a11748f1e384421bdd17623ed53fed79"},
  "luerl": {:git, "https://github.com/rvirding/luerl.git", "c8166b4ab0df4be930706f988aa833dfd50160ad", [branch: "develop"]},
  "mime": {:hex, :mime, "1.6.0", "dabde576a497cef4bbdd60aceee8160e02a6c89250d6c0b29e56c0dfb00db3d2", [:mix], [], "hexpm", "31a1a8613f8321143dde1dafc36006a17d28d02bdfecb9e95a880fa7aabd19a7"},
  "mint": {:hex, :mint, "1.4.0", "cd7d2451b201fc8e4a8fd86257fb3878d9e3752899eb67b0c5b25b180bde1212", [:mix], [{:castore, "~> 0.1.0", [hex: :castore, repo: "hexpm", optional: true]}], "hexpm", "10a99e144b815cbf8522dccbc8199d15802440fc7a64d67b6853adb6fa170217"},
  "operate": {:hex, :operate, "0.1.0-beta.15", "44906ac3e8c168d9741e6f6ed268e85777277565561fd906db19ace1d8c49380", [:mix], [{:bsv, "~> 0.3", [hex: :bsv, repo: "hexpm", optional: false]}, {:con_cache, "~> 0.14", [hex: :con_cache, repo: "hexpm", optional: false]}, {:jason, "~> 1.2", [hex: :jason, repo: "hexpm", optional: false]}, {:luerl, "~> 0.4", [hex: :luerl, repo: "hexpm", optional: false]}, {:terminus, "~> 0.1", [hex: :terminus, repo: "hexpm", optional: false]}, {:tesla, "~> 1.3", [hex: :tesla, repo: "hexpm", optional: false]}], "hexpm", "523a97edb228951ff9608b1beb299e7395847cbfe7f95f2fd722404ac8e1c956"},
  "terminus": {:hex, :terminus, "0.1.1", "92d7460be5ee9c8ea08e5547177be8561845a6e7cb924a5497f70b2e7df1be7d", [:mix], [{:castore, "~> 0.1", [hex: :castore, repo: "hexpm", optional: false]}, {:gen_stage, "~> 1.0", [hex: :gen_stage, repo: "hexpm", optional: false]}, {:jason, "~> 1.2", [hex: :jason, repo: "hexpm", optional: false]}, {:mint, "~> 1.0", [hex: :mint, repo: "hexpm", optional: false]}], "hexpm", "a2384f72248ffa4d5b517ae6e03f5bd91d5c3b2e18227bafa3b50c74f76464de"},
  "tesla": {:hex, :tesla, "1.4.3", "f5a494e08fb1abe4fd9c28abb17f3d9b62b8f6fc492860baa91efb1aab61c8a0", [:mix], [{:castore, "~> 0.1", [hex: :castore, repo: "hexpm", optional: true]}, {:exjsx, ">= 3.0.0", [hex: :exjsx, repo: "hexpm", optional: true]}, {:finch, "~> 0.3", [hex: :finch, repo: "hexpm", optional: true]}, {:fuse, "~> 2.4", [hex: :fuse, repo: "hexpm", optional: true]}, {:gun, "~> 1.3", [hex: :gun, repo: "hexpm", optional: true]}, {:hackney, "~> 1.6", [hex: :hackney, repo: "hexpm", optional: true]}, {:ibrowse, "4.4.0", [hex: :ibrowse, repo: "hexpm", optional: true]}, {:jason, ">= 1.0.0", [hex: :jason, repo: "hexpm", optional: true]}, {:mime, "~> 1.0", [hex: :mime, repo: "hexpm", optional: false]}, {:mint, "~> 1.0", [hex: :mint, repo: "hexpm", optional: true]}, {:poison, ">= 1.0.0", [hex: :poison, repo: "hexpm", optional: true]}, {:telemetry, "~> 0.4 or ~> 1.0", [hex: :telemetry, repo: "hexpm", optional: true]}], "hexpm", "e0755bb664bf4d664af72931f320c97adbf89da4586670f4864bf259b5750386"},
}
