{
  "name": "assets",
  "lockfileVersion": 2,
  "requires": true,
  "packages": {
    "": {
      "dependencies": {
        "caniuse-lite": "^1.0.30001439",
        "p2": "^0.7.1",
        "phaser": "^3.55.2",
        "phaser-ce": "^2.19.2",
        "phoenix": "file:../../../deps/phoenix",
        "phoenix_html": "file:../../../deps/phoenix_html",
        "phoenix_live_view": "file:../../../deps/phoenix_live_view",
        "pixi": "^0.3.1",
        "pixi.js": "^7.0.3"
      }
    },
    "../../../deps/phoenix": {
      "version": "1.6.14",
      "integrity": "sha512-0Xu8AJwcDgv2n+QvOlmHsYzrFHUEm5XDxyH0uLCDCgRfALfaq3hRN39GAtgYTPBwofSgF8JRRlaCKGAgjUuwmA==",
      "license": "MIT"
    },
    "../../../deps/phoenix_html": {
      "version": "3.2.0",
      "integrity": "sha512-zv7PIZk0MPkF0ax8n465Q6w86+sGAy5cTem6KcbkUbdgxGc0y3WZmzkM2bSlYdSGbLEZfjXxos1G72xXsha6xA=="
    },
    "../../../deps/phoenix_live_view": {
      "version": "0.17.12",
      "integrity": "sha512-hHK43hPNd8vnY1+arUp2b0e//uP6bGMsCEKw556vG8Nth1EUqnJ8Vi0Shu1ykG2VId5HtBJTSjiwnx+wERSGHw==",
      "license": "MIT"
    },
    "node_modules/@pixi/accessibility": {
      "version": "7.0.3",
      "resolved": "https://registry.npmjs.org/@pixi/accessibility/-/accessibility-7.0.3.tgz",
      "integrity": "sha512-Fjs/LVGlYyom14WCd4x+e3W6+qGH4PWJkOHT8Qao+uFaOxdtK20D7MN1E6PESBGWhGlfOy+K9pRTnUdcEe+YOw=="
    },
    "node_modules/@pixi/app": {
      "version": "7.0.3",
      "resolved": "https://registry.npmjs.org/@pixi/app/-/app-7.0.3.tgz",
      "integrity": "sha512-T600Nc0iKbx/Fx2jJ00gZy/nzcP/bqs3P47Kf6Sa9pZyRwO1rljUrvqqSnfpMwXqomnoE7Nb0ptk64CQrv8qUA=="
    },
    "node_modules/@pixi/assets": {
      "version": "7.0.3",
      "resolved": "https://registry.npmjs.org/@pixi/assets/-/assets-7.0.3.tgz",
      "integrity": "sha512-oLVqe3jCBa74X8wLEewuGFSirt2KJCoFgGSgXSNcWEKYWXHp+CL26K+Vb03uNGFAHL5B7KiUMibMemhjcUzgYg==",
      "dependencies": {
        "@types/css-font-loading-module": "^0.0.7"
      }
    },
    "node_modules/@pixi/compressed-textures": {
      "version": "7.0.3",
      "resolved": "https://registry.npmjs.org/@pixi/compressed-textures/-/compressed-textures-7.0.3.tgz",
      "integrity": "sha512-YITpRXY7dGBwQotN68+m3TmBJgsVxojWugrZWAsw1JUQorLfjSh9UCLmYngx9SRr0B4A6AnDQyA4jMaVCK7DHQ=="
    },
    "node_modules/@pixi/constants": {
      "version": "7.0.3",
      "resolved": "https://registry.npmjs.org/@pixi/constants/-/constants-7.0.3.tgz",
      "integrity": "sha512-xHehKxsfWF5ee1Dq+r4OeJefkuF6V4oSd1zZ7oh/7OnqhUgqjHwzpfCjw0urCOdXxKa95viV/+dwPMCP1SRiaA=="
    },
    "node_modules/@pixi/core": {
      "version": "7.0.3",
      "resolved": "https://registry.npmjs.org/@pixi/core/-/core-7.0.3.tgz",
      "integrity": "sha512-9zr3JLqd3rcjFzMB4ArKsWBxtwyuslvrhwIL4H2taMKAXLzbWF9EWVeafMcrq6QkU1jhiRm0l7gQVbYeii/cEA==",
      "dependencies": {
        "@pixi/constants": "7.0.3",
        "@pixi/extensions": "7.0.3",
        "@pixi/math": "7.0.3",
        "@pixi/runner": "7.0.3",
        "@pixi/settings": "7.0.3",
        "@pixi/ticker": "7.0.3",
        "@pixi/utils": "7.0.3",
        "@types/offscreencanvas": "^2019.6.4"
      },
      "funding": {
        "type": "opencollective",
        "url": "https://opencollective.com/pixijs"
      }
    },
    "node_modules/@pixi/display": {
      "version": "7.0.3",
      "resolved": "https://registry.npmjs.org/@pixi/display/-/display-7.0.3.tgz",
      "integrity": "sha512-9cIRcVlZbOQw6ScKkmqr3EARTyi7lRosmBiznqweojbOpbq2Cp7jbKAxy84xzsO9hOUXqUtw9tnNZCj+rJsdSQ=="
    },
    "node_modules/@pixi/events": {
      "version": "7.0.3",
      "resolved": "https://registry.npmjs.org/@pixi/events/-/events-7.0.3.tgz",
      "integrity": "sha512-JZ9Jw3wONVd19FeqIIka2PmbTctjgVqjTXUqYnj9rSaM5ZcajUQUWgnQyfShPc+kGHqXxxaGlzVMOa9OQlgd1A=="
    },
    "node_modules/@pixi/extensions": {
      "version": "7.0.3",
      "resolved": "https://registry.npmjs.org/@pixi/extensions/-/extensions-7.0.3.tgz",
      "integrity": "sha512-lOR7BmR02d1Qu3O93ylkXiFEtjFSeJfJ/G5KFOY6NYeUIGwJzI3pqI3HnZ42gofwEamDZdwZZYNT011lxtpMZA=="
    },
    "node_modules/@pixi/extract": {
      "version": "7.0.3",
      "resolved": "https://registry.npmjs.org/@pixi/extract/-/extract-7.0.3.tgz",
      "integrity": "sha512-OpVpC9M0QpIDEikJnRMj4gsUDocywOCoYBNmJ1av9JrKfphPyy9z42mID527jY7r1m+SqxJ/jZW5tUdqxGPtlg=="
    },
    "node_modules/@pixi/filter-alpha": {
      "version": "7.0.3",
      "resolved": "https://registry.npmjs.org/@pixi/filter-alpha/-/filter-alpha-7.0.3.tgz",
      "integrity": "sha512-T79yqaaO+UbK92ANaGIwjt5bQBGGGak36F7jbntdHp55LMzN45PXcausT5DMv6nJziWnNp5c49pDIvT7K4gYOQ=="
    },
    "node_modules/@pixi/filter-blur": {
      "version": "7.0.3",
      "resolved": "https://registry.npmjs.org/@pixi/filter-blur/-/filter-blur-7.0.3.tgz",
      "integrity": "sha512-7c9/b4gTfrKmXhM5R5jPZTkMWYoVgDVFxxxGHS54q/lN3BtmzhJUIDaONWgSSmdvfXAGyhgaY1poM1ZWxWciag=="
    },
    "node_modules/@pixi/filter-color-matrix": {
      "version": "7.0.3",
      "resolved": "https://registry.npmjs.org/@pixi/filter-color-matrix/-/filter-color-matrix-7.0.3.tgz",
      "integrity": "sha512-zq+9kk6Wb0HuIbL84FuUQRjtJW7kgbv8BLPFVHC3KHb6escrr7GG1U9qBEAr8lGuT8Kqd7fP8V8Kb1vbjtrcuw=="
    },
    "node_modules/@pixi/filter-displacement": {
      "version": "7.0.3",
      "resolved": "https://registry.npmjs.org/@pixi/filter-displacement/-/filter-displacement-7.0.3.tgz",
      "integrity": "sha512-DvholUABdpiuDVYJTFKEcSeaWJi0LkoxXNvFsRzaqw1Wpf2hGiLy7ByN2inXs4O+4pma6+uhW1dPYuixMh0kfQ=="
    },
    "node_modules/@pixi/filter-fxaa": {
      "version": "7.0.3",
      "resolved": "https://registry.npmjs.org/@pixi/filter-fxaa/-/filter-fxaa-7.0.3.tgz",
      "integrity": "sha512-UUeNJ1vTwSMVjkPxZGAr4IwmaI9+qUNbCR2eiwhYgzoDKBNY4RvEZtNmt3uDKfvMERc/w/CBADRTGscAFH6h8w=="
    },
    "node_modules/@pixi/filter-noise": {
      "version": "7.0.3",
      "resolved": "https://registry.npmjs.org/@pixi/filter-noise/-/filter-noise-7.0.3.tgz",
      "integrity": "sha512-JIBQIwYo9yMsILxMEuqyfByXaANX9XSMHnPEr+vc5mdEDUWXhKwlpbSNoxjgPKd0x4ar+t7To/sLIm+o1lpNzA=="
    },
    "node_modules/@pixi/graphics": {
      "version": "7.0.3",
      "resolved": "https://registry.npmjs.org/@pixi/graphics/-/graphics-7.0.3.tgz",
      "integrity": "sha512-jN9EfV/6AHPu71NvQ3emBiM9cPUr3aZEoWKM4z6STdKL2L0XX4ag1S3z7VrVUPEF593thRK/W1QGgJX2po7jxg=="
    },
    "node_modules/@pixi/math": {
      "version": "7.0.3",
      "resolved": "https://registry.npmjs.org/@pixi/math/-/math-7.0.3.tgz",
      "integrity": "sha512-Bgw9bLOV8fO0Z6QdSuTTclJkf9wQ1HxYlH3o53DvpiND18s/22sbZG73nPDoW4bkfpImrIOtQflaqse7ZGDZhQ=="
    },
    "node_modules/@pixi/mesh": {
      "version": "7.0.3",
      "resolved": "https://registry.npmjs.org/@pixi/mesh/-/mesh-7.0.3.tgz",
      "integrity": "sha512-HjhBwHrbU7HKidzgjs3O/fwzP+yZqYzZSUv/zW9jHiRlGGLSmoecqwP5dAhYPBW4ZGiHg8ePWnnZzmPJ+cFA8A=="
    },
    "node_modules/@pixi/mesh-extras": {
      "version": "7.0.3",
      "resolved": "https://registry.npmjs.org/@pixi/mesh-extras/-/mesh-extras-7.0.3.tgz",
      "integrity": "sha512-ZGPE/HbjjBiYOgi/eCmiEMm4UHwy2cj6r3yqZp9SkWzOhOLUfssMbQHnZh6NDyPHkQGCahyIZcolADOt1ni66A=="
    },
    "node_modules/@pixi/mixin-cache-as-bitmap": {
      "version": "7.0.3",
      "resolved": "https://registry.npmjs.org/@pixi/mixin-cache-as-bitmap/-/mixin-cache-as-bitmap-7.0.3.tgz",
      "integrity": "sha512-v0Ko9FTaFjLFe1cuXATxU+zMT2cjEZum4C2dYlpr5AteOBgd8W/2MaBY66JF+B3DMn5nmngaEEDGRREVguE6JQ=="
    },
    "node_modules/@pixi/mixin-get-child-by-name": {
      "version": "7.0.3",
      "resolved": "https://registry.npmjs.org/@pixi/mixin-get-child-by-name/-/mixin-get-child-by-name-7.0.3.tgz",
      "integrity": "sha512-HWLNBATxOTFu5EZVSc5pnwZSk8qmm0aUq09HVnyviRvgpEKZqpwHPHoC7+k0kmUYMhV5Qv3cYejj6X6cBX8c0g=="
    },
    "node_modules/@pixi/mixin-get-global-position": {
      "version": "7.0.3",
      "resolved": "https://registry.npmjs.org/@pixi/mixin-get-global-position/-/mixin-get-global-position-7.0.3.tgz",
      "integrity": "sha512-fy6bOwLEVUagsPBqvpNHdfLIv7/pNai0Kbooogde2usM2I3/Jc3dNCqW4rZzjNu4gG6IocN340TQzm3D9rCCxA=="
    },
    "node_modules/@pixi/particle-container": {
      "version": "7.0.3",
      "resolved": "https://registry.npmjs.org/@pixi/particle-container/-/particle-container-7.0.3.tgz",
      "integrity": "sha512-ASRbpbL91SOsiURGAG63ye17es4ICWQoN3z7ATb6rPkomAbVKGLs0qXm0dgqgYpyGfvo1CWdkdoF0aSDykXWGg=="
    },
    "node_modules/@pixi/prepare": {
      "version": "7.0.3",
      "resolved": "https://registry.npmjs.org/@pixi/prepare/-/prepare-7.0.3.tgz",
      "integrity": "sha512-DhJO4Zy/DOKHH9FVW4B92mL2ZINrjBmgskqX6KLoqyOvdZ5ykUf0e7D1KJkszyH2K2mpF8eW+yDp/I4ps0p0vg=="
    },
    "node_modules/@pixi/runner": {
      "version": "7.0.3",
      "resolved": "https://registry.npmjs.org/@pixi/runner/-/runner-7.0.3.tgz",
      "integrity": "sha512-2IQduCKLXasHXEF8maRPzJe3p7QAREpoKlmfOHBYJum2iMZU2Od8y6APEuUit+4coVeA0zeEhOqkfzOH3dOe4w=="
    },
    "node_modules/@pixi/settings": {
      "version": "7.0.3",
      "resolved": "https://registry.npmjs.org/@pixi/settings/-/settings-7.0.3.tgz",
      "integrity": "sha512-Ml2fOvjbkil7ujY4FiIfjsNi6AHuLFhMwozTCXa2wBUiT3WTDHhuIGv8prG52+i7cGJgEnKzVzyiFb3v9eQYCw==",
      "dependencies": {
        "@pixi/constants": "7.0.3",
        "@types/css-font-loading-module": "^0.0.7"
      }
    },
    "node_modules/@pixi/sprite": {
      "version": "7.0.3",
      "resolved": "https://registry.npmjs.org/@pixi/sprite/-/sprite-7.0.3.tgz",
      "integrity": "sha512-wPmlf6KwXOkd8tpFm9s2FQel8WRZ4uNv9jBzgKQAUyIlo6OLkq/33eBLYzoci7H10j8J92z2M79pIzl2FdR8ig=="
    },
    "node_modules/@pixi/sprite-animated": {
      "version": "7.0.3",
      "resolved": "https://registry.npmjs.org/@pixi/sprite-animated/-/sprite-animated-7.0.3.tgz",
      "integrity": "sha512-wpY/GDxPCybCynu2KlcB2op0IYP3Wr3V54XsmTBnzMt0afSUq+zJAUBVATih83cG3lXUYyEINDEpqgKGpnZpaw=="
    },
    "node_modules/@pixi/sprite-tiling": {
      "version": "7.0.3",
      "resolved": "https://registry.npmjs.org/@pixi/sprite-tiling/-/sprite-tiling-7.0.3.tgz",
      "integrity": "sha512-LB+vn81hnnTeGXVSHoVcBFrJCK0lBAqKN0r1fD1WHvuzeK/XByF6GfX0zJ4TyPMDS5BTckpbkPnRzmdxREzfdA=="
    },
    "node_modules/@pixi/spritesheet": {
      "version": "7.0.3",
      "resolved": "https://registry.npmjs.org/@pixi/spritesheet/-/spritesheet-7.0.3.tgz",
      "integrity": "sha512-cSb0atYlNC6BWxsSOYR/Nuu06pKnG0TqPVy5Wo5E/m0jf3qND/TFQ4oozs2JFQWv7G0lxj4oQCsFX+11SMhItg=="
    },
    "node_modules/@pixi/text": {
      "version": "7.0.3",
      "resolved": "https://registry.npmjs.org/@pixi/text/-/text-7.0.3.tgz",
      "integrity": "sha512-CUpaB4HOV5JU+ptj+vdceagjbtZJQjUDkX91CGr/jhJN9EVuTUXNoc0CB6GJoYrFL9FqUiknXYj/bzGf/WUI8w=="
    },
    "node_modules/@pixi/text-bitmap": {
      "version": "7.0.3",
      "resolved": "https://registry.npmjs.org/@pixi/text-bitmap/-/text-bitmap-7.0.3.tgz",
      "integrity": "sha512-vVf7ZwDxewYwqwoJqlLo1e/D2aIJ5a4rDJRUdvsmNvLvgO018szd1vDe9FOXLD5mzjK/iKGNMtfzH7pH2ZRr5w=="
    },
    "node_modules/@pixi/ticker": {
      "version": "7.0.3",
      "resolved": "https://registry.npmjs.org/@pixi/ticker/-/ticker-7.0.3.tgz",
      "integrity": "sha512-CAJq3d061VuTFOdRb81g74P6eUAtR8gJyodhgkPbe27OyBvTdLWi/6txSkmSWEJy5PlOQotOSr3FfUeR0pEl+Q==",
      "dependencies": {
        "@pixi/extensions": "7.0.3",
        "@pixi/settings": "7.0.3"
      }
    },
    "node_modules/@pixi/utils": {
      "version": "7.0.3",
      "resolved": "https://registry.npmjs.org/@pixi/utils/-/utils-7.0.3.tgz",
      "integrity": "sha512-WZLgME0h7CfeCUOBwrEyK4LboEQ8ySmsdeD4cYphhZAQ0/vMlfEPRrCyrOrjsayZCB34syug5oItFtUMt65wRQ==",
      "dependencies": {
        "@pixi/constants": "7.0.3",
        "@pixi/settings": "7.0.3",
        "@types/earcut": "^2.1.0",
        "earcut": "^2.2.4",
        "eventemitter3": "^4.0.0",
        "url": "^0.11.0"
      }
    },
    "node_modules/@types/css-font-loading-module": {
      "version": "0.0.7",
      "resolved": "https://registry.npmjs.org/@types/css-font-loading-module/-/css-font-loading-module-0.0.7.tgz",
      "integrity": "sha512-nl09VhutdjINdWyXxHWN/w9zlNCfr60JUqJbd24YXUuCwgeL0TpFSdElCwb6cxfB6ybE19Gjj4g0jsgkXxKv1Q=="
    },
    "node_modules/@types/earcut": {
      "version": "2.1.1",
      "resolved": "https://registry.npmjs.org/@types/earcut/-/earcut-2.1.1.tgz",
      "integrity": "sha512-w8oigUCDjElRHRRrMvn/spybSMyX8MTkKA5Dv+tS1IE/TgmNZPqUYtvYBXGY8cieSE66gm+szeK+bnbxC2xHTQ=="
    },
    "node_modules/@types/offscreencanvas": {
      "version": "2019.7.0",
      "resolved": "https://registry.npmjs.org/@types/offscreencanvas/-/offscreencanvas-2019.7.0.tgz",
      "integrity": "sha512-PGcyveRIpL1XIqK8eBsmRBt76eFgtzuPiSTyKHZxnGemp2yzGzWpjYKAfK3wIMiU7eH+851yEpiuP8JZerTmWg=="
    },
    "node_modules/caniuse-lite": {
      "version": "1.0.30001439",
      "resolved": "https://registry.npmjs.org/caniuse-lite/-/caniuse-lite-1.0.30001439.tgz",
      "integrity": "sha512-1MgUzEkoMO6gKfXflStpYgZDlFM7M/ck/bgfVCACO5vnAf0fXoNVHdWtqGU+MYca+4bL9Z5bpOVmR33cWW9G2A==",
      "funding": [
        {
          "type": "opencollective",
          "url": "https://opencollective.com/browserslist"
        },
        {
          "type": "tidelift",
          "url": "https://tidelift.com/funding/github/npm/caniuse-lite"
        }
      ]
    },
    "node_modules/earcut": {
      "version": "2.2.4",
      "resolved": "https://registry.npmjs.org/earcut/-/earcut-2.2.4.tgz",
      "integrity": "sha512-/pjZsA1b4RPHbeWZQn66SWS8nZZWLQQ23oE3Eam7aroEFGEvwKAsJfZ9ytiEMycfzXWpca4FA9QIOehf7PocBQ=="
    },
    "node_modules/eventemitter3": {
      "version": "4.0.7",
      "resolved": "https://registry.npmjs.org/eventemitter3/-/eventemitter3-4.0.7.tgz",
      "integrity": "sha512-8guHBZCwKnFhYdHr2ysuRWErTwhoN2X8XELRlrRwpmfeY2jjuUN4taQMsULKUVo1K4DvZl+0pgfyoysHxvmvEw=="
    },
    "node_modules/inherits": {
      "version": "2.0.3",
      "resolved": "https://registry.npmjs.org/inherits/-/inherits-2.0.3.tgz",
      "integrity": "sha512-x00IRNXNy63jwGkJmzPigoySHbaqpNuzKbBOmzK+g2OdZpQ9w+sxCN+VSB3ja7IAge2OP2qpfxTjeNcyjmW1uw=="
    },
    "node_modules/p2": {
      "version": "0.7.1",
      "resolved": "https://registry.npmjs.org/p2/-/p2-0.7.1.tgz",
      "integrity": "sha512-wJxG87tHPlAO1iwGettkiU4ptoytQDoJSeP+PV8aZVT//ZHlD2H2uMtIPnQG8MXAaGR9OI1o1pqBV1g/fpNgNw==",
      "dependencies": {
        "poly-decomp": "0.1.1"
      },
      "engines": {
        "node": "*"
      }
    },
    "node_modules/path": {
      "version": "0.12.7",
      "resolved": "https://registry.npmjs.org/path/-/path-0.12.7.tgz",
      "integrity": "sha512-aXXC6s+1w7otVF9UletFkFcDsJeO7lSZBPUQhtb5O0xJe8LtYhj/GxldoL09bBj9+ZmE2hNoHqQSFMN5fikh4Q==",
      "dependencies": {
        "process": "^0.11.1",
        "util": "^0.10.3"
      }
    },
    "node_modules/phaser": {
      "version": "3.55.2",
      "resolved": "https://registry.npmjs.org/phaser/-/phaser-3.55.2.tgz",
      "integrity": "sha512-amKXsbb2Ht29dGPKvt1edq3yGGYKtq8373GpJYGKPNPnneYY6MtVTOgjHDuZwtmUyK4v86FugkT3hzW/N4tjxQ==",
      "dependencies": {
        "eventemitter3": "^4.0.7",
        "path": "^0.12.7"
      }
    },
    "node_modules/phaser-ce": {
      "version": "2.19.2",
      "resolved": "https://registry.npmjs.org/phaser-ce/-/phaser-ce-2.19.2.tgz",
      "integrity": "sha512-r9xk9e8i+UmHDdgqf+LYpJ8JfbboQcj08nsBebSiTbN5iJGP27kAhiDuzS1ySISyYzMMtxGvlFq4g2ZMgKygoQ=="
    },
    "node_modules/phoenix": {
      "resolved": "../../../deps/phoenix",
      "link": true
    },
    "node_modules/phoenix_html": {
      "resolved": "../../../deps/phoenix_html",
      "link": true
    },
    "node_modules/phoenix_live_view": {
      "resolved": "../../../deps/phoenix_live_view",
      "link": true
    },
    "node_modules/pixi": {
      "version": "0.3.1",
      "resolved": "https://registry.npmjs.org/pixi/-/pixi-0.3.1.tgz",
      "integrity": "sha512-9ngEid+Zp6WTSnHnfy3+PX/02HXhJ3RMxolpuf7H4e8cKHl9WE3lB059v0O7op55We92ILAssAWSAQHG64cYhQ==",
      "deprecated": "please use the new pixi.js package instead"
    },
    "node_modules/pixi.js": {
      "version": "7.0.3",
      "resolved": "https://registry.npmjs.org/pixi.js/-/pixi.js-7.0.3.tgz",
      "integrity": "sha512-zymWHDoWM73LJK+2gGH5j1YNiuSKx/sbEGxYT2lwETxf9zQDHVVaYVnlFNm52WcCg2v5nYp5e6AH+zpppJteqA==",
      "dependencies": {
        "@pixi/accessibility": "7.0.3",
        "@pixi/app": "7.0.3",
        "@pixi/assets": "7.0.3",
        "@pixi/compressed-textures": "7.0.3",
        "@pixi/core": "7.0.3",
        "@pixi/display": "7.0.3",
        "@pixi/events": "7.0.3",
        "@pixi/extensions": "7.0.3",
        "@pixi/extract": "7.0.3",
        "@pixi/filter-alpha": "7.0.3",
        "@pixi/filter-blur": "7.0.3",
        "@pixi/filter-color-matrix": "7.0.3",
        "@pixi/filter-displacement": "7.0.3",
        "@pixi/filter-fxaa": "7.0.3",
        "@pixi/filter-noise": "7.0.3",
        "@pixi/graphics": "7.0.3",
        "@pixi/mesh": "7.0.3",
        "@pixi/mesh-extras": "7.0.3",
        "@pixi/mixin-cache-as-bitmap": "7.0.3",
        "@pixi/mixin-get-child-by-name": "7.0.3",
        "@pixi/mixin-get-global-position": "7.0.3",
        "@pixi/particle-container": "7.0.3",
        "@pixi/prepare": "7.0.3",
        "@pixi/sprite": "7.0.3",
        "@pixi/sprite-animated": "7.0.3",
        "@pixi/sprite-tiling": "7.0.3",
        "@pixi/spritesheet": "7.0.3",
        "@pixi/text": "7.0.3",
        "@pixi/text-bitmap": "7.0.3"
      },
      "funding": {
        "type": "opencollective",
        "url": "https://opencollective.com/pixijs"
      }
    },
    "node_modules/poly-decomp": {
      "version": "0.1.1",
      "resolved": "https://registry.npmjs.org/poly-decomp/-/poly-decomp-0.1.1.tgz",
      "integrity": "sha512-clSDtuC48FR2PL2z/+VIRhfnxC7776GlJgDNAh1ZIqYOiaGqrINB+xGIWQypLgpz6Z/Ht/w7rTFEGFRNuSPOuA==",
      "engines": {
        "node": "*"
      }
    },
    "node_modules/process": {
      "version": "0.11.10",
      "resolved": "https://registry.npmjs.org/process/-/process-0.11.10.tgz",
      "integrity": "sha512-cdGef/drWFoydD1JsMzuFf8100nZl+GT+yacc2bEced5f9Rjk4z+WtFUTBu9PhOi9j/jfmBPu0mMEY4wIdAF8A==",
      "engines": {
        "node": ">= 0.6.0"
      }
    },
    "node_modules/punycode": {
      "version": "1.3.2",
      "resolved": "https://registry.npmjs.org/punycode/-/punycode-1.3.2.tgz",
      "integrity": "sha512-RofWgt/7fL5wP1Y7fxE7/EmTLzQVnB0ycyibJ0OOHIlJqTNzglYFxVwETOcIoJqJmpDXJ9xImDv+Fq34F/d4Dw=="
    },
    "node_modules/querystring": {
      "version": "0.2.0",
      "resolved": "https://registry.npmjs.org/querystring/-/querystring-0.2.0.tgz",
      "integrity": "sha512-X/xY82scca2tau62i9mDyU9K+I+djTMUsvwf7xnUX5GLvVzgJybOJf4Y6o9Zx3oJK/LSXg5tTZBjwzqVPaPO2g==",
      "deprecated": "The querystring API is considered Legacy. new code should use the URLSearchParams API instead.",
      "engines": {
        "node": ">=0.4.x"
      }
    },
    "node_modules/url": {
      "version": "0.11.0",
      "resolved": "https://registry.npmjs.org/url/-/url-0.11.0.tgz",
      "integrity": "sha512-kbailJa29QrtXnxgq+DdCEGlbTeYM2eJUxsz6vjZavrCYPMIFHMKQmSKYAIuUK2i7hgPm28a8piX5NTUtM/LKQ==",
      "dependencies": {
        "punycode": "1.3.2",
        "querystring": "0.2.0"
      }
    },
    "node_modules/util": {
      "version": "0.10.4",
      "resolved": "https://registry.npmjs.org/util/-/util-0.10.4.tgz",
      "integrity": "sha512-0Pm9hTQ3se5ll1XihRic3FDIku70C+iHUdT/W926rSgHV5QgXsYbKZN8MSC3tJtSkhuROzvsQjAaFENRXr+19A==",
      "dependencies": {
        "inherits": "2.0.3"
      }
    }
  },
  "dependencies": {
    "@pixi/accessibility": {
      "version": "7.0.3",
      "resolved": "https://registry.npmjs.org/@pixi/accessibility/-/accessibility-7.0.3.tgz",
      "integrity": "sha512-Fjs/LVGlYyom14WCd4x+e3W6+qGH4PWJkOHT8Qao+uFaOxdtK20D7MN1E6PESBGWhGlfOy+K9pRTnUdcEe+YOw=="
    },
    "@pixi/app": {
      "version": "7.0.3",
      "resolved": "https://registry.npmjs.org/@pixi/app/-/app-7.0.3.tgz",
      "integrity": "sha512-T600Nc0iKbx/Fx2jJ00gZy/nzcP/bqs3P47Kf6Sa9pZyRwO1rljUrvqqSnfpMwXqomnoE7Nb0ptk64CQrv8qUA=="
    },
    "@pixi/assets": {
      "version": "7.0.3",
      "resolved": "https://registry.npmjs.org/@pixi/assets/-/assets-7.0.3.tgz",
      "integrity": "sha512-oLVqe3jCBa74X8wLEewuGFSirt2KJCoFgGSgXSNcWEKYWXHp+CL26K+Vb03uNGFAHL5B7KiUMibMemhjcUzgYg==",
      "requires": {
        "@types/css-font-loading-module": "^0.0.7"
      }
    },
    "@pixi/compressed-textures": {
      "version": "7.0.3",
      "resolved": "https://registry.npmjs.org/@pixi/compressed-textures/-/compressed-textures-7.0.3.tgz",
      "integrity": "sha512-YITpRXY7dGBwQotN68+m3TmBJgsVxojWugrZWAsw1JUQorLfjSh9UCLmYngx9SRr0B4A6AnDQyA4jMaVCK7DHQ=="
    },
    "@pixi/constants": {
      "version": "7.0.3",
      "resolved": "https://registry.npmjs.org/@pixi/constants/-/constants-7.0.3.tgz",
      "integrity": "sha512-xHehKxsfWF5ee1Dq+r4OeJefkuF6V4oSd1zZ7oh/7OnqhUgqjHwzpfCjw0urCOdXxKa95viV/+dwPMCP1SRiaA=="
    },
    "@pixi/core": {
      "version": "7.0.3",
      "resolved": "https://registry.npmjs.org/@pixi/core/-/core-7.0.3.tgz",
      "integrity": "sha512-9zr3JLqd3rcjFzMB4ArKsWBxtwyuslvrhwIL4H2taMKAXLzbWF9EWVeafMcrq6QkU1jhiRm0l7gQVbYeii/cEA==",
      "requires": {
        "@pixi/constants": "7.0.3",
        "@pixi/extensions": "7.0.3",
        "@pixi/math": "7.0.3",
        "@pixi/runner": "7.0.3",
        "@pixi/settings": "7.0.3",
        "@pixi/ticker": "7.0.3",
        "@pixi/utils": "7.0.3",
        "@types/offscreencanvas": "^2019.6.4"
      }
    },
    "@pixi/display": {
      "version": "7.0.3",
      "resolved": "https://registry.npmjs.org/@pixi/display/-/display-7.0.3.tgz",
      "integrity": "sha512-9cIRcVlZbOQw6ScKkmqr3EARTyi7lRosmBiznqweojbOpbq2Cp7jbKAxy84xzsO9hOUXqUtw9tnNZCj+rJsdSQ=="
    },
    "@pixi/events": {
      "version": "7.0.3",
      "resolved": "https://registry.npmjs.org/@pixi/events/-/events-7.0.3.tgz",
      "integrity": "sha512-JZ9Jw3wONVd19FeqIIka2PmbTctjgVqjTXUqYnj9rSaM5ZcajUQUWgnQyfShPc+kGHqXxxaGlzVMOa9OQlgd1A=="
    },
    "@pixi/extensions": {
      "version": "7.0.3",
      "resolved": "https://registry.npmjs.org/@pixi/extensions/-/extensions-7.0.3.tgz",
      "integrity": "sha512-lOR7BmR02d1Qu3O93ylkXiFEtjFSeJfJ/G5KFOY6NYeUIGwJzI3pqI3HnZ42gofwEamDZdwZZYNT011lxtpMZA=="
    },
    "@pixi/extract": {
      "version": "7.0.3",
      "resolved": "https://registry.npmjs.org/@pixi/extract/-/extract-7.0.3.tgz",
      "integrity": "sha512-OpVpC9M0QpIDEikJnRMj4gsUDocywOCoYBNmJ1av9JrKfphPyy9z42mID527jY7r1m+SqxJ/jZW5tUdqxGPtlg=="
    },
    "@pixi/filter-alpha": {
      "version": "7.0.3",
      "resolved": "https://registry.npmjs.org/@pixi/filter-alpha/-/filter-alpha-7.0.3.tgz",
      "integrity": "sha512-T79yqaaO+UbK92ANaGIwjt5bQBGGGak36F7jbntdHp55LMzN45PXcausT5DMv6nJziWnNp5c49pDIvT7K4gYOQ=="
    },
    "@pixi/filter-blur": {
      "version": "7.0.3",
      "resolved": "https://registry.npmjs.org/@pixi/filter-blur/-/filter-blur-7.0.3.tgz",
      "integrity": "sha512-7c9/b4gTfrKmXhM5R5jPZTkMWYoVgDVFxxxGHS54q/lN3BtmzhJUIDaONWgSSmdvfXAGyhgaY1poM1ZWxWciag=="
    },
    "@pixi/filter-color-matrix": {
      "version": "7.0.3",
      "resolved": "https://registry.npmjs.org/@pixi/filter-color-matrix/-/filter-color-matrix-7.0.3.tgz",
      "integrity": "sha512-zq+9kk6Wb0HuIbL84FuUQRjtJW7kgbv8BLPFVHC3KHb6escrr7GG1U9qBEAr8lGuT8Kqd7fP8V8Kb1vbjtrcuw=="
    },
    "@pixi/filter-displacement": {
      "version": "7.0.3",
      "resolved": "https://registry.npmjs.org/@pixi/filter-displacement/-/filter-displacement-7.0.3.tgz",
      "integrity": "sha512-DvholUABdpiuDVYJTFKEcSeaWJi0LkoxXNvFsRzaqw1Wpf2hGiLy7ByN2inXs4O+4pma6+uhW1dPYuixMh0kfQ=="
    },
    "@pixi/filter-fxaa": {
      "version": "7.0.3",
      "resolved": "https://registry.npmjs.org/@pixi/filter-fxaa/-/filter-fxaa-7.0.3.tgz",
      "integrity": "sha512-UUeNJ1vTwSMVjkPxZGAr4IwmaI9+qUNbCR2eiwhYgzoDKBNY4RvEZtNmt3uDKfvMERc/w/CBADRTGscAFH6h8w=="
    },
    "@pixi/filter-noise": {
      "version": "7.0.3",
      "resolved": "https://registry.npmjs.org/@pixi/filter-noise/-/filter-noise-7.0.3.tgz",
      "integrity": "sha512-JIBQIwYo9yMsILxMEuqyfByXaANX9XSMHnPEr+vc5mdEDUWXhKwlpbSNoxjgPKd0x4ar+t7To/sLIm+o1lpNzA=="
    },
    "@pixi/graphics": {
      "version": "7.0.3",
      "resolved": "https://registry.npmjs.org/@pixi/graphics/-/graphics-7.0.3.tgz",
      "integrity": "sha512-jN9EfV/6AHPu71NvQ3emBiM9cPUr3aZEoWKM4z6STdKL2L0XX4ag1S3z7VrVUPEF593thRK/W1QGgJX2po7jxg=="
    },
    "@pixi/math": {
      "version": "7.0.3",
      "resolved": "https://registry.npmjs.org/@pixi/math/-/math-7.0.3.tgz",
      "integrity": "sha512-Bgw9bLOV8fO0Z6QdSuTTclJkf9wQ1HxYlH3o53DvpiND18s/22sbZG73nPDoW4bkfpImrIOtQflaqse7ZGDZhQ=="
    },
    "@pixi/mesh": {
      "version": "7.0.3",
      "resolved": "https://registry.npmjs.org/@pixi/mesh/-/mesh-7.0.3.tgz",
      "integrity": "sha512-HjhBwHrbU7HKidzgjs3O/fwzP+yZqYzZSUv/zW9jHiRlGGLSmoecqwP5dAhYPBW4ZGiHg8ePWnnZzmPJ+cFA8A=="
    },
    "@pixi/mesh-extras": {
      "version": "7.0.3",
      "resolved": "https://registry.npmjs.org/@pixi/mesh-extras/-/mesh-extras-7.0.3.tgz",
      "integrity": "sha512-ZGPE/HbjjBiYOgi/eCmiEMm4UHwy2cj6r3yqZp9SkWzOhOLUfssMbQHnZh6NDyPHkQGCahyIZcolADOt1ni66A=="
    },
    "@pixi/mixin-cache-as-bitmap": {
      "version": "7.0.3",
      "resolved": "https://registry.npmjs.org/@pixi/mixin-cache-as-bitmap/-/mixin-cache-as-bitmap-7.0.3.tgz",
      "integrity": "sha512-v0Ko9FTaFjLFe1cuXATxU+zMT2cjEZum4C2dYlpr5AteOBgd8W/2MaBY66JF+B3DMn5nmngaEEDGRREVguE6JQ=="
    },
    "@pixi/mixin-get-child-by-name": {
      "version": "7.0.3",
      "resolved": "https://registry.npmjs.org/@pixi/mixin-get-child-by-name/-/mixin-get-child-by-name-7.0.3.tgz",
      "integrity": "sha512-HWLNBATxOTFu5EZVSc5pnwZSk8qmm0aUq09HVnyviRvgpEKZqpwHPHoC7+k0kmUYMhV5Qv3cYejj6X6cBX8c0g=="
    },
    "@pixi/mixin-get-global-position": {
      "version": "7.0.3",
      "resolved": "https://registry.npmjs.org/@pixi/mixin-get-global-position/-/mixin-get-global-position-7.0.3.tgz",
      "integrity": "sha512-fy6bOwLEVUagsPBqvpNHdfLIv7/pNai0Kbooogde2usM2I3/Jc3dNCqW4rZzjNu4gG6IocN340TQzm3D9rCCxA=="
    },
    "@pixi/particle-container": {
      "version": "7.0.3",
      "resolved": "https://registry.npmjs.org/@pixi/particle-container/-/particle-container-7.0.3.tgz",
      "integrity": "sha512-ASRbpbL91SOsiURGAG63ye17es4ICWQoN3z7ATb6rPkomAbVKGLs0qXm0dgqgYpyGfvo1CWdkdoF0aSDykXWGg=="
    },
    "@pixi/prepare": {
      "version": "7.0.3",
      "resolved": "https://registry.npmjs.org/@pixi/prepare/-/prepare-7.0.3.tgz",
      "integrity": "sha512-DhJO4Zy/DOKHH9FVW4B92mL2ZINrjBmgskqX6KLoqyOvdZ5ykUf0e7D1KJkszyH2K2mpF8eW+yDp/I4ps0p0vg=="
    },
    "@pixi/runner": {
      "version": "7.0.3",
      "resolved": "https://registry.npmjs.org/@pixi/runner/-/runner-7.0.3.tgz",
      "integrity": "sha512-2IQduCKLXasHXEF8maRPzJe3p7QAREpoKlmfOHBYJum2iMZU2Od8y6APEuUit+4coVeA0zeEhOqkfzOH3dOe4w=="
    },
    "@pixi/settings": {
      "version": "7.0.3",
      "resolved": "https://registry.npmjs.org/@pixi/settings/-/settings-7.0.3.tgz",
      "integrity": "sha512-Ml2fOvjbkil7ujY4FiIfjsNi6AHuLFhMwozTCXa2wBUiT3WTDHhuIGv8prG52+i7cGJgEnKzVzyiFb3v9eQYCw==",
      "requires": {
        "@pixi/constants": "7.0.3",
        "@types/css-font-loading-module": "^0.0.7"
      }
    },
    "@pixi/sprite": {
      "version": "7.0.3",
      "resolved": "https://registry.npmjs.org/@pixi/sprite/-/sprite-7.0.3.tgz",
      "integrity": "sha512-wPmlf6KwXOkd8tpFm9s2FQel8WRZ4uNv9jBzgKQAUyIlo6OLkq/33eBLYzoci7H10j8J92z2M79pIzl2FdR8ig=="
    },
    "@pixi/sprite-animated": {
      "version": "7.0.3",
      "resolved": "https://registry.npmjs.org/@pixi/sprite-animated/-/sprite-animated-7.0.3.tgz",
      "integrity": "sha512-wpY/GDxPCybCynu2KlcB2op0IYP3Wr3V54XsmTBnzMt0afSUq+zJAUBVATih83cG3lXUYyEINDEpqgKGpnZpaw=="
    },
    "@pixi/sprite-tiling": {
      "version": "7.0.3",
      "resolved": "https://registry.npmjs.org/@pixi/sprite-tiling/-/sprite-tiling-7.0.3.tgz",
      "integrity": "sha512-LB+vn81hnnTeGXVSHoVcBFrJCK0lBAqKN0r1fD1WHvuzeK/XByF6GfX0zJ4TyPMDS5BTckpbkPnRzmdxREzfdA=="
    },
    "@pixi/spritesheet": {
      "version": "7.0.3",
      "resolved": "https://registry.npmjs.org/@pixi/spritesheet/-/spritesheet-7.0.3.tgz",
      "integrity": "sha512-cSb0atYlNC6BWxsSOYR/Nuu06pKnG0TqPVy5Wo5E/m0jf3qND/TFQ4oozs2JFQWv7G0lxj4oQCsFX+11SMhItg=="
    },
    "@pixi/text": {
      "version": "7.0.3",
      "resolved": "https://registry.npmjs.org/@pixi/text/-/text-7.0.3.tgz",
      "integrity": "sha512-CUpaB4HOV5JU+ptj+vdceagjbtZJQjUDkX91CGr/jhJN9EVuTUXNoc0CB6GJoYrFL9FqUiknXYj/bzGf/WUI8w=="
    },
    "@pixi/text-bitmap": {
      "version": "7.0.3",
      "resolved": "https://registry.npmjs.org/@pixi/text-bitmap/-/text-bitmap-7.0.3.tgz",
      "integrity": "sha512-vVf7ZwDxewYwqwoJqlLo1e/D2aIJ5a4rDJRUdvsmNvLvgO018szd1vDe9FOXLD5mzjK/iKGNMtfzH7pH2ZRr5w=="
    },
    "@pixi/ticker": {
      "version": "7.0.3",
      "resolved": "https://registry.npmjs.org/@pixi/ticker/-/ticker-7.0.3.tgz",
      "integrity": "sha512-CAJq3d061VuTFOdRb81g74P6eUAtR8gJyodhgkPbe27OyBvTdLWi/6txSkmSWEJy5PlOQotOSr3FfUeR0pEl+Q==",
      "requires": {
        "@pixi/extensions": "7.0.3",
        "@pixi/settings": "7.0.3"
      }
    },
    "@pixi/utils": {
      "version": "7.0.3",
      "resolved": "https://registry.npmjs.org/@pixi/utils/-/utils-7.0.3.tgz",
      "integrity": "sha512-WZLgME0h7CfeCUOBwrEyK4LboEQ8ySmsdeD4cYphhZAQ0/vMlfEPRrCyrOrjsayZCB34syug5oItFtUMt65wRQ==",
      "requires": {
        "@pixi/constants": "7.0.3",
        "@pixi/settings": "7.0.3",
        "@types/earcut": "^2.1.0",
        "earcut": "^2.2.4",
        "eventemitter3": "^4.0.0",
        "url": "^0.11.0"
      }
    },
    "@types/css-font-loading-module": {
      "version": "0.0.7",
      "resolved": "https://registry.npmjs.org/@types/css-font-loading-module/-/css-font-loading-module-0.0.7.tgz",
      "integrity": "sha512-nl09VhutdjINdWyXxHWN/w9zlNCfr60JUqJbd24YXUuCwgeL0TpFSdElCwb6cxfB6ybE19Gjj4g0jsgkXxKv1Q=="
    },
    "@types/earcut": {
      "version": "2.1.1",
      "resolved": "https://registry.npmjs.org/@types/earcut/-/earcut-2.1.1.tgz",
      "integrity": "sha512-w8oigUCDjElRHRRrMvn/spybSMyX8MTkKA5Dv+tS1IE/TgmNZPqUYtvYBXGY8cieSE66gm+szeK+bnbxC2xHTQ=="
    },
    "@types/offscreencanvas": {
      "version": "2019.7.0",
      "resolved": "https://registry.npmjs.org/@types/offscreencanvas/-/offscreencanvas-2019.7.0.tgz",
      "integrity": "sha512-PGcyveRIpL1XIqK8eBsmRBt76eFgtzuPiSTyKHZxnGemp2yzGzWpjYKAfK3wIMiU7eH+851yEpiuP8JZerTmWg=="
    },
    "caniuse-lite": {
      "version": "1.0.30001439",
      "resolved": "https://registry.npmjs.org/caniuse-lite/-/caniuse-lite-1.0.30001439.tgz",
      "integrity": "sha512-1MgUzEkoMO6gKfXflStpYgZDlFM7M/ck/bgfVCACO5vnAf0fXoNVHdWtqGU+MYca+4bL9Z5bpOVmR33cWW9G2A=="
    },
    "earcut": {
      "version": "2.2.4",
      "resolved": "https://registry.npmjs.org/earcut/-/earcut-2.2.4.tgz",
      "integrity": "sha512-/pjZsA1b4RPHbeWZQn66SWS8nZZWLQQ23oE3Eam7aroEFGEvwKAsJfZ9ytiEMycfzXWpca4FA9QIOehf7PocBQ=="
    },
    "eventemitter3": {
      "version": "4.0.7",
      "resolved": "https://registry.npmjs.org/eventemitter3/-/eventemitter3-4.0.7.tgz",
      "integrity": "sha512-8guHBZCwKnFhYdHr2ysuRWErTwhoN2X8XELRlrRwpmfeY2jjuUN4taQMsULKUVo1K4DvZl+0pgfyoysHxvmvEw=="
    },
    "inherits": {
      "version": "2.0.3",
      "resolved": "https://registry.npmjs.org/inherits/-/inherits-2.0.3.tgz",
      "integrity": "sha512-x00IRNXNy63jwGkJmzPigoySHbaqpNuzKbBOmzK+g2OdZpQ9w+sxCN+VSB3ja7IAge2OP2qpfxTjeNcyjmW1uw=="
    },
    "p2": {
      "version": "0.7.1",
      "resolved": "https://registry.npmjs.org/p2/-/p2-0.7.1.tgz",
      "integrity": "sha512-wJxG87tHPlAO1iwGettkiU4ptoytQDoJSeP+PV8aZVT//ZHlD2H2uMtIPnQG8MXAaGR9OI1o1pqBV1g/fpNgNw==",
      "requires": {
        "poly-decomp": "0.1.1"
      }
    },
    "path": {
      "version": "0.12.7",
      "resolved": "https://registry.npmjs.org/path/-/path-0.12.7.tgz",
      "integrity": "sha512-aXXC6s+1w7otVF9UletFkFcDsJeO7lSZBPUQhtb5O0xJe8LtYhj/GxldoL09bBj9+ZmE2hNoHqQSFMN5fikh4Q==",
      "requires": {
        "process": "^0.11.1",
        "util": "^0.10.3"
      }
    },
    "phaser": {
      "version": "3.55.2",
      "resolved": "https://registry.npmjs.org/phaser/-/phaser-3.55.2.tgz",
      "integrity": "sha512-amKXsbb2Ht29dGPKvt1edq3yGGYKtq8373GpJYGKPNPnneYY6MtVTOgjHDuZwtmUyK4v86FugkT3hzW/N4tjxQ==",
      "requires": {
        "eventemitter3": "^4.0.7",
        "path": "^0.12.7"
      }
    },
    "phaser-ce": {
      "version": "2.19.2",
      "resolved": "https://registry.npmjs.org/phaser-ce/-/phaser-ce-2.19.2.tgz",
      "integrity": "sha512-r9xk9e8i+UmHDdgqf+LYpJ8JfbboQcj08nsBebSiTbN5iJGP27kAhiDuzS1ySISyYzMMtxGvlFq4g2ZMgKygoQ=="
    },
    "phoenix": {
      "version": "file:../../../deps/phoenix"
    },
    "phoenix_html": {
      "version": "file:../../../deps/phoenix_html"
    },
    "phoenix_live_view": {
      "version": "file:../../../deps/phoenix_live_view"
    },
    "pixi": {
      "version": "0.3.1",
      "resolved": "https://registry.npmjs.org/pixi/-/pixi-0.3.1.tgz",
      "integrity": "sha512-9ngEid+Zp6WTSnHnfy3+PX/02HXhJ3RMxolpuf7H4e8cKHl9WE3lB059v0O7op55We92ILAssAWSAQHG64cYhQ=="
    },
    "pixi.js": {
      "version": "7.0.3",
      "resolved": "https://registry.npmjs.org/pixi.js/-/pixi.js-7.0.3.tgz",
      "integrity": "sha512-zymWHDoWM73LJK+2gGH5j1YNiuSKx/sbEGxYT2lwETxf9zQDHVVaYVnlFNm52WcCg2v5nYp5e6AH+zpppJteqA==",
      "requires": {
        "@pixi/accessibility": "7.0.3",
        "@pixi/app": "7.0.3",
        "@pixi/assets": "7.0.3",
        "@pixi/compressed-textures": "7.0.3",
        "@pixi/core": "7.0.3",
        "@pixi/display": "7.0.3",
        "@pixi/events": "7.0.3",
        "@pixi/extensions": "7.0.3",
        "@pixi/extract": "7.0.3",
        "@pixi/filter-alpha": "7.0.3",
        "@pixi/filter-blur": "7.0.3",
        "@pixi/filter-color-matrix": "7.0.3",
        "@pixi/filter-displacement": "7.0.3",
        "@pixi/filter-fxaa": "7.0.3",
        "@pixi/filter-noise": "7.0.3",
        "@pixi/graphics": "7.0.3",
        "@pixi/mesh": "7.0.3",
        "@pixi/mesh-extras": "7.0.3",
        "@pixi/mixin-cache-as-bitmap": "7.0.3",
        "@pixi/mixin-get-child-by-name": "7.0.3",
        "@pixi/mixin-get-global-position": "7.0.3",
        "@pixi/particle-container": "7.0.3",
        "@pixi/prepare": "7.0.3",
        "@pixi/sprite": "7.0.3",
        "@pixi/sprite-animated": "7.0.3",
        "@pixi/sprite-tiling": "7.0.3",
        "@pixi/spritesheet": "7.0.3",
        "@pixi/text": "7.0.3",
        "@pixi/text-bitmap": "7.0.3"
      }
    },
    "poly-decomp": {
      "version": "0.1.1",
      "resolved": "https://registry.npmjs.org/poly-decomp/-/poly-decomp-0.1.1.tgz",
      "integrity": "sha512-clSDtuC48FR2PL2z/+VIRhfnxC7776GlJgDNAh1ZIqYOiaGqrINB+xGIWQypLgpz6Z/Ht/w7rTFEGFRNuSPOuA=="
    },
    "process": {
      "version": "0.11.10",
      "resolved": "https://registry.npmjs.org/process/-/process-0.11.10.tgz",
      "integrity": "sha512-cdGef/drWFoydD1JsMzuFf8100nZl+GT+yacc2bEced5f9Rjk4z+WtFUTBu9PhOi9j/jfmBPu0mMEY4wIdAF8A=="
    },
    "punycode": {
      "version": "1.3.2",
      "resolved": "https://registry.npmjs.org/punycode/-/punycode-1.3.2.tgz",
      "integrity": "sha512-RofWgt/7fL5wP1Y7fxE7/EmTLzQVnB0ycyibJ0OOHIlJqTNzglYFxVwETOcIoJqJmpDXJ9xImDv+Fq34F/d4Dw=="
    },
    "querystring": {
      "version": "0.2.0",
      "resolved": "https://registry.npmjs.org/querystring/-/querystring-0.2.0.tgz",
      "integrity": "sha512-X/xY82scca2tau62i9mDyU9K+I+djTMUsvwf7xnUX5GLvVzgJybOJf4Y6o9Zx3oJK/LSXg5tTZBjwzqVPaPO2g=="
    },
    "url": {
      "version": "0.11.0",
      "resolved": "https://registry.npmjs.org/url/-/url-0.11.0.tgz",
      "integrity": "sha512-kbailJa29QrtXnxgq+DdCEGlbTeYM2eJUxsz6vjZavrCYPMIFHMKQmSKYAIuUK2i7hgPm28a8piX5NTUtM/LKQ==",
      "requires": {
        "punycode": "1.3.2",
        "querystring": "0.2.0"
      }
    },
    "util": {
      "version": "0.10.4",
      "resolved": "https://registry.npmjs.org/util/-/util-0.10.4.tgz",
      "integrity": "sha512-0Pm9hTQ3se5ll1XihRic3FDIku70C+iHUdT/W926rSgHV5QgXsYbKZN8MSC3tJtSkhuROzvsQjAaFENRXr+19A==",
      "requires": {
        "inherits": "2.0.3"
      }
    }
  }
}
